{
  "pins" : [
    {
      "identity" : "swift-package-manager-fivead",
      "kind" : "remoteSourceControl",
      "location" : "https://github.com/ly-ads-network/swift-package-manager-fivead.git",
      "state" : {
        "revision" : "7daac26259185d5e375f3e2268d4310143be561e",
        "version" : "3.0.1"
      }
    }
  ],
  "version" : 2
}
